
Microsoft Visual Studio Solution File, Format Version 12.00
# Visual Studio 14
VisualStudioVersion = 14.0.23107.0
MinimumVisualStudioVersion = 10.0.40219.1
Project("{159641D6-6404-4A2A-AE62-294DE0FE8301}") = "DWtrans", "DWtrans\DWtrans.dtproj", "{85CDD4D0-67B0-4B36-82D0-BF3D4DEEDE68}"
EndProject
Global
	GlobalSection(SolutionConfigurationPlatforms) = preSolution
		Development|Default = Development|Default
	EndGlobalSection
	GlobalSection(ProjectConfigurationPlatforms) = postSolution
		{85CDD4D0-67B0-4B36-82D0-BF3D4DEEDE68}.Development|Default.ActiveCfg = Development
		{85CDD4D0-67B0-4B36-82D0-BF3D4DEEDE68}.Development|Default.Build.0 = Development
	EndGlobalSection
	GlobalSection(SolutionProperties) = preSolution
		HideSolutionNode = FALSE
	EndGlobalSection
EndGlobal
